
Microsoft Visual Studio Solution File, Format Version 12.00
# Visual Studio 15
VisualStudioVersion = 15.0.27130.2036
MinimumVisualStudioVersion = 10.0.40219.1
Project("{FAE04EC0-301F-11D3-BF4B-00C04F79EFBC}") = "ClipboardTool", "ClipboardTool\ClipboardTool.csproj", "{1BD30BF2-EB1E-4459-9AC6-E7723D76E5F4}"
EndProject
Project("{FAE04EC0-301F-11D3-BF4B-00C04F79EFBC}") = "SizeScanner", "SizeScanner\SizeScanner.csproj", "{7C4D6A1D-71AA-4D34-B7D7-00479CD133BF}"
EndProject
Project("{FAE04EC0-301F-11D3-BF4B-00C04F79EFBC}") = "FileRenamer", "FileRenamer\FileRenamer.csproj", "{3CBF8266-D027-4699-B326-A0C241A45F83}"
EndProject
Global
	GlobalSection(SolutionConfigurationPlatforms) = preSolution
		Debug|Any CPU = Debug|Any CPU
		Debug|x86 = Debug|x86
		Release|Any CPU = Release|Any CPU
		Release|x86 = Release|x86
	EndGlobalSection
	GlobalSection(ProjectConfigurationPlatforms) = postSolution
		{1BD30BF2-EB1E-4459-9AC6-E7723D76E5F4}.Debug|Any CPU.ActiveCfg = Debug|Any CPU
		{1BD30BF2-EB1E-4459-9AC6-E7723D76E5F4}.Debug|Any CPU.Build.0 = Debug|Any CPU
		{1BD30BF2-EB1E-4459-9AC6-E7723D76E5F4}.Debug|x86.ActiveCfg = Debug|Any CPU
		{1BD30BF2-EB1E-4459-9AC6-E7723D76E5F4}.Debug|x86.Build.0 = Debug|Any CPU
		{1BD30BF2-EB1E-4459-9AC6-E7723D76E5F4}.Release|Any CPU.ActiveCfg = Release|Any CPU
		{1BD30BF2-EB1E-4459-9AC6-E7723D76E5F4}.Release|Any CPU.Build.0 = Release|Any CPU
		{1BD30BF2-EB1E-4459-9AC6-E7723D76E5F4}.Release|x86.ActiveCfg = Release|Any CPU
		{1BD30BF2-EB1E-4459-9AC6-E7723D76E5F4}.Release|x86.Build.0 = Release|Any CPU
		{7C4D6A1D-71AA-4D34-B7D7-00479CD133BF}.Debug|Any CPU.ActiveCfg = Debug|Any CPU
		{7C4D6A1D-71AA-4D34-B7D7-00479CD133BF}.Debug|Any CPU.Build.0 = Debug|Any CPU
		{7C4D6A1D-71AA-4D34-B7D7-00479CD133BF}.Debug|x86.ActiveCfg = Debug|x86
		{7C4D6A1D-71AA-4D34-B7D7-00479CD133BF}.Debug|x86.Build.0 = Debug|x86
		{7C4D6A1D-71AA-4D34-B7D7-00479CD133BF}.Release|Any CPU.ActiveCfg = Release|Any CPU
		{7C4D6A1D-71AA-4D34-B7D7-00479CD133BF}.Release|Any CPU.Build.0 = Release|Any CPU
		{7C4D6A1D-71AA-4D34-B7D7-00479CD133BF}.Release|x86.ActiveCfg = Release|x86
		{7C4D6A1D-71AA-4D34-B7D7-00479CD133BF}.Release|x86.Build.0 = Release|x86
		{3CBF8266-D027-4699-B326-A0C241A45F83}.Debug|Any CPU.ActiveCfg = Debug|Any CPU
		{3CBF8266-D027-4699-B326-A0C241A45F83}.Debug|Any CPU.Build.0 = Debug|Any CPU
		{3CBF8266-D027-4699-B326-A0C241A45F83}.Debug|x86.ActiveCfg = Debug|Any CPU
		{3CBF8266-D027-4699-B326-A0C241A45F83}.Debug|x86.Build.0 = Debug|Any CPU
		{3CBF8266-D027-4699-B326-A0C241A45F83}.Release|Any CPU.ActiveCfg = Release|Any CPU
		{3CBF8266-D027-4699-B326-A0C241A45F83}.Release|Any CPU.Build.0 = Release|Any CPU
		{3CBF8266-D027-4699-B326-A0C241A45F83}.Release|x86.ActiveCfg = Release|Any CPU
		{3CBF8266-D027-4699-B326-A0C241A45F83}.Release|x86.Build.0 = Release|Any CPU
	EndGlobalSection
	GlobalSection(SolutionProperties) = preSolution
		HideSolutionNode = FALSE
	EndGlobalSection
	GlobalSection(ExtensibilityGlobals) = postSolution
		SolutionGuid = {D57EE89E-6C7A-49BB-8BDD-D81FEB0EFF34}
	EndGlobalSection
EndGlobal
